Microsoft Visual Studio Solution File, Format Version 12.00
# Visual Studio Version 17
VisualStudioVersion = 17.5.2.0
MinimumVisualStudioVersion = 10.0.40219.1
Project("{2150E333-8FDC-42A3-9474-1A3956D46DE8}") = "backend", "backend", "{1AE8ACA6-933B-BF2A-3671-3E2EAC007D16}"
EndProject
Project("{2150E333-8FDC-42A3-9474-1A3956D46DE8}") = "answer-service", "answer-service", "{76CB45D4-C13B-19DA-EB24-4A4E19E775AE}"
EndProject
Project("{2150E333-8FDC-42A3-9474-1A3956D46DE8}") = "Api", "Api", "{E5CEF208-DAFA-2CB9-9D78-EA03483781E2}"
EndProject
Project("{FAE04EC0-301F-11D3-BF4B-00C04F79EFBC}") = "AnswerService.Api", "backend\answer-service\Api\AnswerService.Api.csproj", "{37884741-99DC-9819-3D56-1F151386BA05}"
EndProject
Project("{2150E333-8FDC-42A3-9474-1A3956D46DE8}") = "Application", "Application", "{47DE6D0E-4F5A-8A4B-3AE5-911D41E70F7A}"
EndProject
Project("{FAE04EC0-301F-11D3-BF4B-00C04F79EFBC}") = "AnswerService.Application", "backend\answer-service\Application\AnswerService.Application.csproj", "{FB4459BA-336A-309E-1A23-46ADC3FA91F6}"
EndProject
Project("{2150E333-8FDC-42A3-9474-1A3956D46DE8}") = "Domain", "Domain", "{CEAC6D25-5FCC-9FE0-F082-48608C867A05}"
EndProject
Project("{FAE04EC0-301F-11D3-BF4B-00C04F79EFBC}") = "AnswerService.Domain", "backend\answer-service\Domain\AnswerService.Domain.csproj", "{99DF8D94-63E0-05B6-AD78-507F43548846}"
EndProject
Project("{2150E333-8FDC-42A3-9474-1A3956D46DE8}") = "Infrastructure", "Infrastructure", "{3C049B14-9B25-CCCF-A6F5-75BA20C9A20D}"
EndProject
Project("{FAE04EC0-301F-11D3-BF4B-00C04F79EFBC}") = "AnswerService.Infrastructure", "backend\answer-service\Infrastructure\AnswerService.Infrastructure.csproj", "{B9910CA1-3D71-D72D-D512-F5D47B6B36F1}"
EndProject
Project("{2150E333-8FDC-42A3-9474-1A3956D46DE8}") = "api-gateway", "api-gateway", "{763BDE02-FA52-120C-85BF-865870213564}"
EndProject
Project("{2150E333-8FDC-42A3-9474-1A3956D46DE8}") = "Api", "Api", "{3817F9C2-CEED-3D46-3449-F722CADAC0F9}"
EndProject
Project("{FAE04EC0-301F-11D3-BF4B-00C04F79EFBC}") = "ApiGateway", "backend\api-gateway\Api\ApiGateway.csproj", "{3E67619B-6E85-0BE4-0528-5C98C0CB86A9}"
EndProject
Project("{2150E333-8FDC-42A3-9474-1A3956D46DE8}") = "assessment-service", "assessment-service", "{29011BC2-B3FE-AAF6-D165-15159AC259FF}"
EndProject
Project("{2150E333-8FDC-42A3-9474-1A3956D46DE8}") = "Api", "Api", "{10EC93D8-E28D-67E2-B963-6006EC199255}"
EndProject
Project("{FAE04EC0-301F-11D3-BF4B-00C04F79EFBC}") = "AssessmentService.Api", "backend\assessment-service\Api\AssessmentService.Api.csproj", "{283D17D3-1C8D-860C-534F-BE3875B616DF}"
EndProject
Project("{2150E333-8FDC-42A3-9474-1A3956D46DE8}") = "Application", "Application", "{AA36D6BE-E938-7FB0-EFB3-75102882E677}"
EndProject
Project("{FAE04EC0-301F-11D3-BF4B-00C04F79EFBC}") = "AssessmentService.Application", "backend\assessment-service\Application\AssessmentService.Application.csproj", "{EC9644CD-43D3-10EB-F2B7-004C4CD96BF3}"
EndProject
Project("{2150E333-8FDC-42A3-9474-1A3956D46DE8}") = "Domain", "Domain", "{06E8B453-37F7-CCF8-32E8-D35ECA18AD90}"
EndProject
Project("{FAE04EC0-301F-11D3-BF4B-00C04F79EFBC}") = "AssessmentService.Domain", "backend\assessment-service\Domain\AssessmentService.Domain.csproj", "{C92D4234-EB82-6EAB-E4BC-0EFCD9DE4E69}"
EndProject
Project("{2150E333-8FDC-42A3-9474-1A3956D46DE8}") = "Infrastructure", "Infrastructure", "{06078F68-5FDF-A4F9-4A2A-3179ED1A00B8}"
EndProject
Project("{FAE04EC0-301F-11D3-BF4B-00C04F79EFBC}") = "AssessmentService.Infrastructure", "backend\assessment-service\Infrastructure\AssessmentService.Infrastructure.csproj", "{3884CB6F-EE49-7D0C-7533-4B4A00D3A19B}"
EndProject
Project("{2150E333-8FDC-42A3-9474-1A3956D46DE8}") = "candidate-service", "candidate-service", "{5B775B9E-D60F-F349-5322-DAC2C5B36449}"
EndProject
Project("{2150E333-8FDC-42A3-9474-1A3956D46DE8}") = "Api", "Api", "{240C9512-81E3-273D-A65C-D4C8410A1993}"
EndProject
Project("{FAE04EC0-301F-11D3-BF4B-00C04F79EFBC}") = "CandidateService.Api", "backend\candidate-service\Api\CandidateService.Api.csproj", "{E3B209DB-73DB-860B-4354-B04CD15C43B8}"
EndProject
Project("{2150E333-8FDC-42A3-9474-1A3956D46DE8}") = "Application", "Application", "{D85F2D11-CC37-DCBB-6F0A-F4A1E3DF8DF0}"
EndProject
Project("{FAE04EC0-301F-11D3-BF4B-00C04F79EFBC}") = "CandidateService.Application", "backend\candidate-service\Application\CandidateService.Application.csproj", "{EDD60A4E-C270-87A8-EB70-A6DF2480F9CA}"
EndProject
Project("{2150E333-8FDC-42A3-9474-1A3956D46DE8}") = "Domain", "Domain", "{0E99A580-49B2-2041-CA73-372A63F33186}"
EndProject
Project("{FAE04EC0-301F-11D3-BF4B-00C04F79EFBC}") = "CandidateService.Domain", "backend\candidate-service\Domain\CandidateService.Domain.csproj", "{451D09E3-5CDC-7E1B-A5A5-75D5771F649E}"
EndProject
Project("{2150E333-8FDC-42A3-9474-1A3956D46DE8}") = "Infrastructure", "Infrastructure", "{3D859BBD-AD10-273A-98C4-4310F2D47C46}"
EndProject
Project("{FAE04EC0-301F-11D3-BF4B-00C04F79EFBC}") = "CandidateService.Infrastructure", "backend\candidate-service\Infrastructure\CandidateService.Infrastructure.csproj", "{08E552A4-0ECC-50DC-F1A3-AD18F0D49C36}"
EndProject
Project("{2150E333-8FDC-42A3-9474-1A3956D46DE8}") = "identity-service", "identity-service", "{AB740E07-A1BF-D511-18C1-395A54066BF3}"
EndProject
Project("{2150E333-8FDC-42A3-9474-1A3956D46DE8}") = "Api", "Api", "{EC7C1F3E-EB82-5057-1154-39648B3F2D71}"
EndProject
Project("{FAE04EC0-301F-11D3-BF4B-00C04F79EFBC}") = "IdentityService.Api", "backend\identity-service\Api\IdentityService.Api.csproj", "{D0F12EE7-2160-9852-4703-A31157183D0D}"
EndProject
Project("{2150E333-8FDC-42A3-9474-1A3956D46DE8}") = "Application", "Application", "{28AE366C-2426-070B-E91E-123723F27E33}"
EndProject
Project("{FAE04EC0-301F-11D3-BF4B-00C04F79EFBC}") = "IdentityService.Application", "backend\identity-service\Application\IdentityService.Application.csproj", "{28D5D33B-DB6D-81B2-9F4B-B3F04B6455D9}"
EndProject
Project("{2150E333-8FDC-42A3-9474-1A3956D46DE8}") = "Domain", "Domain", "{F0CE0995-E577-D165-B18C-692BB7FCC930}"
EndProject
Project("{FAE04EC0-301F-11D3-BF4B-00C04F79EFBC}") = "IdentityService.Domain", "backend\identity-service\Domain\IdentityService.Domain.csproj", "{40F1ABB8-785A-3185-EC27-0BEA4CE605DD}"
EndProject
Project("{2150E333-8FDC-42A3-9474-1A3956D46DE8}") = "Infrastructure", "Infrastructure", "{0AB6C080-173F-62D1-EDA7-DCCA2C3D813C}"
EndProject
Project("{FAE04EC0-301F-11D3-BF4B-00C04F79EFBC}") = "IdentityService.Infrastructure", "backend\identity-service\Infrastructure\IdentityService.Infrastructure.csproj", "{8482A465-FDA6-19FB-2933-43EDB9BE2A6A}"
EndProject
Project("{2150E333-8FDC-42A3-9474-1A3956D46DE8}") = "result-service", "result-service", "{42A781D7-1212-0937-40CF-D14CEC131EA8}"
EndProject
Project("{2150E333-8FDC-42A3-9474-1A3956D46DE8}") = "Api", "Api", "{E0BC2EA1-A492-17CF-CB8F-C2A9E1001A86}"
EndProject
Project("{FAE04EC0-301F-11D3-BF4B-00C04F79EFBC}") = "ResultService.Api", "backend\result-service\Api\ResultService.Api.csproj", "{55F22265-630E-7981-F613-993CB40F9B9B}"
EndProject
Project("{2150E333-8FDC-42A3-9474-1A3956D46DE8}") = "Application", "Application", "{705DBC84-2F99-0663-0B67-2674BA87A2CD}"
EndProject
Project("{FAE04EC0-301F-11D3-BF4B-00C04F79EFBC}") = "ResultService.Application", "backend\result-service\Application\ResultService.Application.csproj", "{8DAFF642-60F0-086D-8465-DDC20A97DCD5}"
EndProject
Project("{2150E333-8FDC-42A3-9474-1A3956D46DE8}") = "Domain", "Domain", "{ED9C57E0-4A94-EE11-63FC-825474A1635E}"
EndProject
Project("{FAE04EC0-301F-11D3-BF4B-00C04F79EFBC}") = "ResultService.Domain", "backend\result-service\Domain\ResultService.Domain.csproj", "{D091D7C8-4C4F-A03C-3943-DFF3ACDAF08B}"
EndProject
Project("{2150E333-8FDC-42A3-9474-1A3956D46DE8}") = "Infrastructure", "Infrastructure", "{96329213-10A8-9B86-3542-DD4FF0302F5C}"
EndProject
Project("{FAE04EC0-301F-11D3-BF4B-00C04F79EFBC}") = "ResultService.Infrastructure", "backend\result-service\Infrastructure\ResultService.Infrastructure.csproj", "{16B62106-6C64-3EE7-78AC-3AAB8515AE17}"
EndProject
Global
	GlobalSection(SolutionConfigurationPlatforms) = preSolution
		Debug|Any CPU = Debug|Any CPU
		Release|Any CPU = Release|Any CPU
	EndGlobalSection
	GlobalSection(ProjectConfigurationPlatforms) = postSolution
		{37884741-99DC-9819-3D56-1F151386BA05}.Debug|Any CPU.ActiveCfg = Debug|Any CPU
		{37884741-99DC-9819-3D56-1F151386BA05}.Debug|Any CPU.Build.0 = Debug|Any CPU
		{37884741-99DC-9819-3D56-1F151386BA05}.Release|Any CPU.ActiveCfg = Release|Any CPU
		{37884741-99DC-9819-3D56-1F151386BA05}.Release|Any CPU.Build.0 = Release|Any CPU
		{FB4459BA-336A-309E-1A23-46ADC3FA91F6}.Debug|Any CPU.ActiveCfg = Debug|Any CPU
		{FB4459BA-336A-309E-1A23-46ADC3FA91F6}.Debug|Any CPU.Build.0 = Debug|Any CPU
		{FB4459BA-336A-309E-1A23-46ADC3FA91F6}.Release|Any CPU.ActiveCfg = Release|Any CPU
		{FB4459BA-336A-309E-1A23-46ADC3FA91F6}.Release|Any CPU.Build.0 = Release|Any CPU
		{99DF8D94-63E0-05B6-AD78-507F43548846}.Debug|Any CPU.ActiveCfg = Debug|Any CPU
		{99DF8D94-63E0-05B6-AD78-507F43548846}.Debug|Any CPU.Build.0 = Debug|Any CPU
		{99DF8D94-63E0-05B6-AD78-507F43548846}.Release|Any CPU.ActiveCfg = Release|Any CPU
		{99DF8D94-63E0-05B6-AD78-507F43548846}.Release|Any CPU.Build.0 = Release|Any CPU
		{B9910CA1-3D71-D72D-D512-F5D47B6B36F1}.Debug|Any CPU.ActiveCfg = Debug|Any CPU
		{B9910CA1-3D71-D72D-D512-F5D47B6B36F1}.Debug|Any CPU.Build.0 = Debug|Any CPU
		{B9910CA1-3D71-D72D-D512-F5D47B6B36F1}.Release|Any CPU.ActiveCfg = Release|Any CPU
		{B9910CA1-3D71-D72D-D512-F5D47B6B36F1}.Release|Any CPU.Build.0 = Release|Any CPU
		{3E67619B-6E85-0BE4-0528-5C98C0CB86A9}.Debug|Any CPU.ActiveCfg = Debug|Any CPU
		{3E67619B-6E85-0BE4-0528-5C98C0CB86A9}.Debug|Any CPU.Build.0 = Debug|Any CPU
		{3E67619B-6E85-0BE4-0528-5C98C0CB86A9}.Release|Any CPU.ActiveCfg = Release|Any CPU
		{3E67619B-6E85-0BE4-0528-5C98C0CB86A9}.Release|Any CPU.Build.0 = Release|Any CPU
		{283D17D3-1C8D-860C-534F-BE3875B616DF}.Debug|Any CPU.ActiveCfg = Debug|Any CPU
		{283D17D3-1C8D-860C-534F-BE3875B616DF}.Debug|Any CPU.Build.0 = Debug|Any CPU
		{283D17D3-1C8D-860C-534F-BE3875B616DF}.Release|Any CPU.ActiveCfg = Release|Any CPU
		{283D17D3-1C8D-860C-534F-BE3875B616DF}.Release|Any CPU.Build.0 = Release|Any CPU
		{EC9644CD-43D3-10EB-F2B7-004C4CD96BF3}.Debug|Any CPU.ActiveCfg = Debug|Any CPU
		{EC9644CD-43D3-10EB-F2B7-004C4CD96BF3}.Debug|Any CPU.Build.0 = Debug|Any CPU
		{EC9644CD-43D3-10EB-F2B7-004C4CD96BF3}.Release|Any CPU.ActiveCfg = Release|Any CPU
		{EC9644CD-43D3-10EB-F2B7-004C4CD96BF3}.Release|Any CPU.Build.0 = Release|Any CPU
		{C92D4234-EB82-6EAB-E4BC-0EFCD9DE4E69}.Debug|Any CPU.ActiveCfg = Debug|Any CPU
		{C92D4234-EB82-6EAB-E4BC-0EFCD9DE4E69}.Debug|Any CPU.Build.0 = Debug|Any CPU
		{C92D4234-EB82-6EAB-E4BC-0EFCD9DE4E69}.Release|Any CPU.ActiveCfg = Release|Any CPU
		{C92D4234-EB82-6EAB-E4BC-0EFCD9DE4E69}.Release|Any CPU.Build.0 = Release|Any CPU
		{3884CB6F-EE49-7D0C-7533-4B4A00D3A19B}.Debug|Any CPU.ActiveCfg = Debug|Any CPU
		{3884CB6F-EE49-7D0C-7533-4B4A00D3A19B}.Debug|Any CPU.Build.0 = Debug|Any CPU
		{3884CB6F-EE49-7D0C-7533-4B4A00D3A19B}.Release|Any CPU.ActiveCfg = Release|Any CPU
		{3884CB6F-EE49-7D0C-7533-4B4A00D3A19B}.Release|Any CPU.Build.0 = Release|Any CPU
		{E3B209DB-73DB-860B-4354-B04CD15C43B8}.Debug|Any CPU.ActiveCfg = Debug|Any CPU
		{E3B209DB-73DB-860B-4354-B04CD15C43B8}.Debug|Any CPU.Build.0 = Debug|Any CPU
		{E3B209DB-73DB-860B-4354-B04CD15C43B8}.Release|Any CPU.ActiveCfg = Release|Any CPU
		{E3B209DB-73DB-860B-4354-B04CD15C43B8}.Release|Any CPU.Build.0 = Release|Any CPU
		{EDD60A4E-C270-87A8-EB70-A6DF2480F9CA}.Debug|Any CPU.ActiveCfg = Debug|Any CPU
		{EDD60A4E-C270-87A8-EB70-A6DF2480F9CA}.Debug|Any CPU.Build.0 = Debug|Any CPU
		{EDD60A4E-C270-87A8-EB70-A6DF2480F9CA}.Release|Any CPU.ActiveCfg = Release|Any CPU
		{EDD60A4E-C270-87A8-EB70-A6DF2480F9CA}.Release|Any CPU.Build.0 = Release|Any CPU
		{451D09E3-5CDC-7E1B-A5A5-75D5771F649E}.Debug|Any CPU.ActiveCfg = Debug|Any CPU
		{451D09E3-5CDC-7E1B-A5A5-75D5771F649E}.Debug|Any CPU.Build.0 = Debug|Any CPU
		{451D09E3-5CDC-7E1B-A5A5-75D5771F649E}.Release|Any CPU.ActiveCfg = Release|Any CPU
		{451D09E3-5CDC-7E1B-A5A5-75D5771F649E}.Release|Any CPU.Build.0 = Release|Any CPU
		{08E552A4-0ECC-50DC-F1A3-AD18F0D49C36}.Debug|Any CPU.ActiveCfg = Debug|Any CPU
		{08E552A4-0ECC-50DC-F1A3-AD18F0D49C36}.Debug|Any CPU.Build.0 = Debug|Any CPU
		{08E552A4-0ECC-50DC-F1A3-AD18F0D49C36}.Release|Any CPU.ActiveCfg = Release|Any CPU
		{08E552A4-0ECC-50DC-F1A3-AD18F0D49C36}.Release|Any CPU.Build.0 = Release|Any CPU
		{D0F12EE7-2160-9852-4703-A31157183D0D}.Debug|Any CPU.ActiveCfg = Debug|Any CPU
		{D0F12EE7-2160-9852-4703-A31157183D0D}.Debug|Any CPU.Build.0 = Debug|Any CPU
		{D0F12EE7-2160-9852-4703-A31157183D0D}.Release|Any CPU.ActiveCfg = Release|Any CPU
		{D0F12EE7-2160-9852-4703-A31157183D0D}.Release|Any CPU.Build.0 = Release|Any CPU
		{28D5D33B-DB6D-81B2-9F4B-B3F04B6455D9}.Debug|Any CPU.ActiveCfg = Debug|Any CPU
		{28D5D33B-DB6D-81B2-9F4B-B3F04B6455D9}.Debug|Any CPU.Build.0 = Debug|Any CPU
		{28D5D33B-DB6D-81B2-9F4B-B3F04B6455D9}.Release|Any CPU.ActiveCfg = Release|Any CPU
		{28D5D33B-DB6D-81B2-9F4B-B3F04B6455D9}.Release|Any CPU.Build.0 = Release|Any CPU
		{40F1ABB8-785A-3185-EC27-0BEA4CE605DD}.Debug|Any CPU.ActiveCfg = Debug|Any CPU
		{40F1ABB8-785A-3185-EC27-0BEA4CE605DD}.Debug|Any CPU.Build.0 = Debug|Any CPU
		{40F1ABB8-785A-3185-EC27-0BEA4CE605DD}.Release|Any CPU.ActiveCfg = Release|Any CPU
		{40F1ABB8-785A-3185-EC27-0BEA4CE605DD}.Release|Any CPU.Build.0 = Release|Any CPU
		{8482A465-FDA6-19FB-2933-43EDB9BE2A6A}.Debug|Any CPU.ActiveCfg = Debug|Any CPU
		{8482A465-FDA6-19FB-2933-43EDB9BE2A6A}.Debug|Any CPU.Build.0 = Debug|Any CPU
		{8482A465-FDA6-19FB-2933-43EDB9BE2A6A}.Release|Any CPU.ActiveCfg = Release|Any CPU
		{8482A465-FDA6-19FB-2933-43EDB9BE2A6A}.Release|Any CPU.Build.0 = Release|Any CPU
		{55F22265-630E-7981-F613-993CB40F9B9B}.Debug|Any CPU.ActiveCfg = Debug|Any CPU
		{55F22265-630E-7981-F613-993CB40F9B9B}.Debug|Any CPU.Build.0 = Debug|Any CPU
		{55F22265-630E-7981-F613-993CB40F9B9B}.Release|Any CPU.ActiveCfg = Release|Any CPU
		{55F22265-630E-7981-F613-993CB40F9B9B}.Release|Any CPU.Build.0 = Release|Any CPU
		{8DAFF642-60F0-086D-8465-DDC20A97DCD5}.Debug|Any CPU.ActiveCfg = Debug|Any CPU
		{8DAFF642-60F0-086D-8465-DDC20A97DCD5}.Debug|Any CPU.Build.0 = Debug|Any CPU
		{8DAFF642-60F0-086D-8465-DDC20A97DCD5}.Release|Any CPU.ActiveCfg = Release|Any CPU
		{8DAFF642-60F0-086D-8465-DDC20A97DCD5}.Release|Any CPU.Build.0 = Release|Any CPU
		{D091D7C8-4C4F-A03C-3943-DFF3ACDAF08B}.Debug|Any CPU.ActiveCfg = Debug|Any CPU
		{D091D7C8-4C4F-A03C-3943-DFF3ACDAF08B}.Debug|Any CPU.Build.0 = Debug|Any CPU
		{D091D7C8-4C4F-A03C-3943-DFF3ACDAF08B}.Release|Any CPU.ActiveCfg = Release|Any CPU
		{D091D7C8-4C4F-A03C-3943-DFF3ACDAF08B}.Release|Any CPU.Build.0 = Release|Any CPU
		{16B62106-6C64-3EE7-78AC-3AAB8515AE17}.Debug|Any CPU.ActiveCfg = Debug|Any CPU
		{16B62106-6C64-3EE7-78AC-3AAB8515AE17}.Debug|Any CPU.Build.0 = Debug|Any CPU
		{16B62106-6C64-3EE7-78AC-3AAB8515AE17}.Release|Any CPU.ActiveCfg = Release|Any CPU
		{16B62106-6C64-3EE7-78AC-3AAB8515AE17}.Release|Any CPU.Build.0 = Release|Any CPU
	EndGlobalSection
	GlobalSection(SolutionProperties) = preSolution
		HideSolutionNode = FALSE
	EndGlobalSection
	GlobalSection(NestedProjects) = preSolution
		{76CB45D4-C13B-19DA-EB24-4A4E19E775AE} = {1AE8ACA6-933B-BF2A-3671-3E2EAC007D16}
		{E5CEF208-DAFA-2CB9-9D78-EA03483781E2} = {76CB45D4-C13B-19DA-EB24-4A4E19E775AE}
		{37884741-99DC-9819-3D56-1F151386BA05} = {E5CEF208-DAFA-2CB9-9D78-EA03483781E2}
		{47DE6D0E-4F5A-8A4B-3AE5-911D41E70F7A} = {76CB45D4-C13B-19DA-EB24-4A4E19E775AE}
		{FB4459BA-336A-309E-1A23-46ADC3FA91F6} = {47DE6D0E-4F5A-8A4B-3AE5-911D41E70F7A}
		{CEAC6D25-5FCC-9FE0-F082-48608C867A05} = {76CB45D4-C13B-19DA-EB24-4A4E19E775AE}
		{99DF8D94-63E0-05B6-AD78-507F43548846} = {CEAC6D25-5FCC-9FE0-F082-48608C867A05}
		{3C049B14-9B25-CCCF-A6F5-75BA20C9A20D} = {76CB45D4-C13B-19DA-EB24-4A4E19E775AE}
		{B9910CA1-3D71-D72D-D512-F5D47B6B36F1} = {3C049B14-9B25-CCCF-A6F5-75BA20C9A20D}
		{763BDE02-FA52-120C-85BF-865870213564} = {1AE8ACA6-933B-BF2A-3671-3E2EAC007D16}
		{3817F9C2-CEED-3D46-3449-F722CADAC0F9} = {763BDE02-FA52-120C-85BF-865870213564}
		{3E67619B-6E85-0BE4-0528-5C98C0CB86A9} = {3817F9C2-CEED-3D46-3449-F722CADAC0F9}
		{29011BC2-B3FE-AAF6-D165-15159AC259FF} = {1AE8ACA6-933B-BF2A-3671-3E2EAC007D16}
		{10EC93D8-E28D-67E2-B963-6006EC199255} = {29011BC2-B3FE-AAF6-D165-15159AC259FF}
		{283D17D3-1C8D-860C-534F-BE3875B616DF} = {10EC93D8-E28D-67E2-B963-6006EC199255}
		{AA36D6BE-E938-7FB0-EFB3-75102882E677} = {29011BC2-B3FE-AAF6-D165-15159AC259FF}
		{EC9644CD-43D3-10EB-F2B7-004C4CD96BF3} = {AA36D6BE-E938-7FB0-EFB3-75102882E677}
		{06E8B453-37F7-CCF8-32E8-D35ECA18AD90} = {29011BC2-B3FE-AAF6-D165-15159AC259FF}
		{C92D4234-EB82-6EAB-E4BC-0EFCD9DE4E69} = {06E8B453-37F7-CCF8-32E8-D35ECA18AD90}
		{06078F68-5FDF-A4F9-4A2A-3179ED1A00B8} = {29011BC2-B3FE-AAF6-D165-15159AC259FF}
		{3884CB6F-EE49-7D0C-7533-4B4A00D3A19B} = {06078F68-5FDF-A4F9-4A2A-3179ED1A00B8}
		{5B775B9E-D60F-F349-5322-DAC2C5B36449} = {1AE8ACA6-933B-BF2A-3671-3E2EAC007D16}
		{240C9512-81E3-273D-A65C-D4C8410A1993} = {5B775B9E-D60F-F349-5322-DAC2C5B36449}
		{E3B209DB-73DB-860B-4354-B04CD15C43B8} = {240C9512-81E3-273D-A65C-D4C8410A1993}
		{D85F2D11-CC37-DCBB-6F0A-F4A1E3DF8DF0} = {5B775B9E-D60F-F349-5322-DAC2C5B36449}
		{EDD60A4E-C270-87A8-EB70-A6DF2480F9CA} = {D85F2D11-CC37-DCBB-6F0A-F4A1E3DF8DF0}
		{0E99A580-49B2-2041-CA73-372A63F33186} = {5B775B9E-D60F-F349-5322-DAC2C5B36449}
		{451D09E3-5CDC-7E1B-A5A5-75D5771F649E} = {0E99A580-49B2-2041-CA73-372A63F33186}
		{3D859BBD-AD10-273A-98C4-4310F2D47C46} = {5B775B9E-D60F-F349-5322-DAC2C5B36449}
		{08E552A4-0ECC-50DC-F1A3-AD18F0D49C36} = {3D859BBD-AD10-273A-98C4-4310F2D47C46}
		{AB740E07-A1BF-D511-18C1-395A54066BF3} = {1AE8ACA6-933B-BF2A-3671-3E2EAC007D16}
		{EC7C1F3E-EB82-5057-1154-39648B3F2D71} = {AB740E07-A1BF-D511-18C1-395A54066BF3}
		{D0F12EE7-2160-9852-4703-A31157183D0D} = {EC7C1F3E-EB82-5057-1154-39648B3F2D71}
		{28AE366C-2426-070B-E91E-123723F27E33} = {AB740E07-A1BF-D511-18C1-395A54066BF3}
		{28D5D33B-DB6D-81B2-9F4B-B3F04B6455D9} = {28AE366C-2426-070B-E91E-123723F27E33}
		{F0CE0995-E577-D165-B18C-692BB7FCC930} = {AB740E07-A1BF-D511-18C1-395A54066BF3}
		{40F1ABB8-785A-3185-EC27-0BEA4CE605DD} = {F0CE0995-E577-D165-B18C-692BB7FCC930}
		{0AB6C080-173F-62D1-EDA7-DCCA2C3D813C} = {AB740E07-A1BF-D511-18C1-395A54066BF3}
		{8482A465-FDA6-19FB-2933-43EDB9BE2A6A} = {0AB6C080-173F-62D1-EDA7-DCCA2C3D813C}
		{42A781D7-1212-0937-40CF-D14CEC131EA8} = {1AE8ACA6-933B-BF2A-3671-3E2EAC007D16}
		{E0BC2EA1-A492-17CF-CB8F-C2A9E1001A86} = {42A781D7-1212-0937-40CF-D14CEC131EA8}
		{55F22265-630E-7981-F613-993CB40F9B9B} = {E0BC2EA1-A492-17CF-CB8F-C2A9E1001A86}
		{705DBC84-2F99-0663-0B67-2674BA87A2CD} = {42A781D7-1212-0937-40CF-D14CEC131EA8}
		{8DAFF642-60F0-086D-8465-DDC20A97DCD5} = {705DBC84-2F99-0663-0B67-2674BA87A2CD}
		{ED9C57E0-4A94-EE11-63FC-825474A1635E} = {42A781D7-1212-0937-40CF-D14CEC131EA8}
		{D091D7C8-4C4F-A03C-3943-DFF3ACDAF08B} = {ED9C57E0-4A94-EE11-63FC-825474A1635E}
		{96329213-10A8-9B86-3542-DD4FF0302F5C} = {42A781D7-1212-0937-40CF-D14CEC131EA8}
		{16B62106-6C64-3EE7-78AC-3AAB8515AE17} = {96329213-10A8-9B86-3542-DD4FF0302F5C}
	EndGlobalSection
	GlobalSection(ExtensibilityGlobals) = postSolution
		SolutionGuid = {97DF037B-AEE3-45B5-B6E5-8666079C4D24}
	EndGlobalSection
EndGlobal
